
Microsoft Visual Studio Solution File, Format Version 12.00
# Visual Studio Version 16
VisualStudioVersion = 16.0.32510.428
MinimumVisualStudioVersion = 10.0.40219.1
Project("{FAE04EC0-301F-11D3-BF4B-00C04F79EFBC}") = "SampiyonlarLigiSimulasyonu", "SampiyonlarLigiSimulasyonu\SampiyonlarLigiSimulasyonu.csproj", "{A19F3ABE-0FAE-4AB9-9D2A-D65621C01F98}"
EndProject
Global
	GlobalSection(SolutionConfigurationPlatforms) = preSolution
		Debug|Any CPU = Debug|Any CPU
		Release|Any CPU = Release|Any CPU
	EndGlobalSection
	GlobalSection(ProjectConfigurationPlatforms) = postSolution
		{A19F3ABE-0FAE-4AB9-9D2A-D65621C01F98}.Debug|Any CPU.ActiveCfg = Debug|Any CPU
		{A19F3ABE-0FAE-4AB9-9D2A-D65621C01F98}.Debug|Any CPU.Build.0 = Debug|Any CPU
		{A19F3ABE-0FAE-4AB9-9D2A-D65621C01F98}.Release|Any CPU.ActiveCfg = Release|Any CPU
		{A19F3ABE-0FAE-4AB9-9D2A-D65621C01F98}.Release|Any CPU.Build.0 = Release|Any CPU
	EndGlobalSection
	GlobalSection(SolutionProperties) = preSolution
		HideSolutionNode = FALSE
	EndGlobalSection
	GlobalSection(ExtensibilityGlobals) = postSolution
		SolutionGuid = {C4A457AC-0F81-46AE-AE43-AAA4E469C492}
	EndGlobalSection
EndGlobal
